Microsoft Visual Studio Solution File, Format Version 12.00
# Visual Studio Version 17
VisualStudioVersion = 17.5.2.0
MinimumVisualStudioVersion = 10.0.40219.1
Project("{FAE04EC0-301F-11D3-BF4B-00C04F79EFBC}") = "CrudStudents", "CrudStudents.csproj", "{F379BD90-2E34-4AD5-1C46-2CE6C1EEC183}"
EndProject
Global
	GlobalSection(SolutionConfigurationPlatforms) = preSolution
		Debug|Any CPU = Debug|Any CPU
		Release|Any CPU = Release|Any CPU
	EndGlobalSection
	GlobalSection(ProjectConfigurationPlatforms) = postSolution
		{F379BD90-2E34-4AD5-1C46-2CE6C1EEC183}.Debug|Any CPU.ActiveCfg = Debug|Any CPU
		{F379BD90-2E34-4AD5-1C46-2CE6C1EEC183}.Debug|Any CPU.Build.0 = Debug|Any CPU
		{F379BD90-2E34-4AD5-1C46-2CE6C1EEC183}.Release|Any CPU.ActiveCfg = Release|Any CPU
		{F379BD90-2E34-4AD5-1C46-2CE6C1EEC183}.Release|Any CPU.Build.0 = Release|Any CPU
	EndGlobalSection
	GlobalSection(SolutionProperties) = preSolution
		HideSolutionNode = FALSE
	EndGlobalSection
	GlobalSection(ExtensibilityGlobals) = postSolution
		SolutionGuid = {EEDFA0AF-5269-46FF-BC43-CE6C3F7C6604}
	EndGlobalSection
EndGlobal
